// !$*UTF8*$!
{
	archiveVersion = 1;
	classes = {
	};
	objectVersion = 50;
	objects = {

/* Begin PBXBuildFile section */
		7A1F04C52398F0B40065DEAB /* AppDelegate.swift in Sources */ = {isa = PBXBuildFile; fileRef = 7A1F04C42398F0B40065DEAB /* AppDelegate.swift */; };
		7A1F04CA2398F0B40065DEAB /* Main.storyboard in Resources */ = {isa = PBXBuildFile; fileRef = 7A1F04C82398F0B40065DEAB /* Main.storyboard */; };
		7A1F04CC2398F0B40065DEAB /* Assets.xcassets in Resources */ = {isa = PBXBuildFile; fileRef = 7A1F04CB2398F0B40065DEAB /* Assets.xcassets */; };
		7A1F04CF2398F0B40065DEAB /* LaunchScreen.storyboard in Resources */ = {isa = PBXBuildFile; fileRef = 7A1F04CD2398F0B40065DEAB /* LaunchScreen.storyboard */; };
		7A1F04D92398F0EE0065DEAB /* ViewController.swift in Sources */ = {isa = PBXBuildFile; fileRef = 7A1F04D72398F0EE0065DEAB /* ViewController.swift */; };
		7A1F04DA2398F0EE0065DEAB /* Target_A.swift in Sources */ = {isa = PBXBuildFile; fileRef = 7A1F04D82398F0EE0065DEAB /* Target_A.swift */; };
		7A1F04DC2398F0F80065DEAB /* A_Swift.podspec in Resources */ = {isa = PBXBuildFile; fileRef = 7A1F04DB2398F0F80065DEAB /* A_Swift.podspec */; };
		A56CB462258661E7C9EBE22F /* Pods_A_Swift.framework in Frameworks */ = {isa = PBXBuildFile; fileRef = 17717B0F88A3E0EE48F08D1D /* Pods_A_Swift.framework */; };
/* End PBXBuildFile section */

/* Begin PBXFileReference section */
		0AB96190A88FAB9C367F53D2 /* Pods-A_Swift.debug.xcconfig */ = {isa = PBXFileReference; includeInIndex = 1; lastKnownFileType = text.xcconfig; name = "Pods-A_Swift.debug.xcconfig"; path = "Target Support Files/Pods-A_Swift/Pods-A_Swift.debug.xcconfig"; sourceTree = "<group>"; };
		17717B0F88A3E0EE48F08D1D /* Pods_A_Swift.framework */ = {isa = PBXFileReference; explicitFileType = wrapper.framework; includeInIndex = 0; path = Pods_A_Swift.framework; sourceTree = BUILT_PRODUCTS_DIR; };
		7A1F04C12398F0B40065DEAB /* A_Swift.app */ = {isa = PBXFileReference; explicitFileType = wrapper.application; includeInIndex = 0; path = A_Swift.app; sourceTree = BUILT_PRODUCTS_DIR; };
		7A1F04C42398F0B40065DEAB /* AppDelegate.swift */ = {isa = PBXFileReference; lastKnownFileType = sourcecode.swift; path = AppDelegate.swift; sourceTree = "<group>"; };
		7A1F04C92398F0B40065DEAB /* Base */ = {isa = PBXFileReference; lastKnownFileType = file.storyboard; name = Base; path = Base.lproj/Main.storyboard; sourceTree = "<group>"; };
		7A1F04CB2398F0B40065DEAB /* Assets.xcassets */ = {isa = PBXFileReference; lastKnownFileType = folder.assetcatalog; path = Assets.xcassets; sourceTree = "<group>"; };
		7A1F04CE2398F0B40065DEAB /* Base */ = {isa = PBXFileReference; lastKnownFileType = file.storyboard; name = Base; path = Base.lproj/LaunchScreen.storyboard; sourceTree = "<group>"; };
		7A1F04D02398F0B40065DEAB /* Info.plist */ = {isa = PBXFileReference; lastKnownFileType = text.plist.xml; path = Info.plist; sourceTree = "<group>"; };
		7A1F04D72398F0EE0065DEAB /* ViewController.swift */ = {isa = PBXFileReference; fileEncoding = 4; lastKnownFileType = sourcecode.swift; path = ViewController.swift; sourceTree = "<group>"; };
		7A1F04D82398F0EE0065DEAB /* Target_A.swift */ = {isa = PBXFileReference; fileEncoding = 4; lastKnownFileType = sourcecode.swift; path = Target_A.swift; sourceTree = "<group>"; };
		7A1F04DB2398F0F80065DEAB /* A_Swift.podspec */ = {isa = PBXFileReference; explicitFileType = text.script.ruby; fileEncoding = 4; path = A_Swift.podspec; sourceTree = "<group>"; };
		89A65AE08816F6115DFA6CD1 /* Pods-A_Swift.release.xcconfig */ = {isa = PBXFileReference; includeInIndex = 1; lastKnownFileType = text.xcconfig; name = "Pods-A_Swift.release.xcconfig"; path = "Target Support Files/Pods-A_Swift/Pods-A_Swift.release.xcconfig"; sourceTree = "<group>"; };
/* End PBXFileReference section */

/* Begin PBXFrameworksBuildPhase section */
		7A1F04BE2398F0B40065DEAB /* Frameworks */ = {
			isa = PBXFrameworksBuildPhase;
			buildActionMask = 2147483647;
			files = (
				A56CB462258661E7C9EBE22F /* Pods_A_Swift.framework in Frameworks */,
			);
			runOnlyForDeploymentPostprocessing = 0;
		};
/* End PBXFrameworksBuildPhase section */

/* Begin PBXGroup section */
		5E2E71AD997AA17110C30311 /* Frameworks */ = {
			isa = PBXGroup;
			children = (
				17717B0F88A3E0EE48F08D1D /* Pods_A_Swift.framework */,
			);
			name = Frameworks;
			sourceTree = "<group>";
		};
		7A1F04B82398F0B40065DEAB = {
			isa = PBXGroup;
			children = (
				7A1F04DB2398F0F80065DEAB /* A_Swift.podspec */,
				7A1F04C32398F0B40065DEAB /* A_Swift */,
				7A1F04C22398F0B40065DEAB /* Products */,
				88BAE8102EABB8563581EC60 /* Pods */,
				5E2E71AD997AA17110C30311 /* Frameworks */,
			);
			sourceTree = "<group>";
		};
		7A1F04C22398F0B40065DEAB /* Products */ = {
			isa = PBXGroup;
			children = (
				7A1F04C12398F0B40065DEAB /* A_Swift.app */,
			);
			name = Products;
			sourceTree = "<group>";
		};
		7A1F04C32398F0B40065DEAB /* A_Swift */ = {
			isa = PBXGroup;
			children = (
				7A1F04D62398F0DF0065DEAB /* A_Swift */,
				7A1F04C42398F0B40065DEAB /* AppDelegate.swift */,
				7A1F04C82398F0B40065DEAB /* Main.storyboard */,
				7A1F04CB2398F0B40065DEAB /* Assets.xcassets */,
				7A1F04CD2398F0B40065DEAB /* LaunchScreen.storyboard */,
				7A1F04D02398F0B40065DEAB /* Info.plist */,
			);
			path = A_Swift;
			sourceTree = "<group>";
		};
		7A1F04D62398F0DF0065DEAB /* A_Swift */ = {
			isa = PBXGroup;
			children = (
				7A1F04D82398F0EE0065DEAB /* Target_A.swift */,
				7A1F04D72398F0EE0065DEAB /* ViewController.swift */,
			);
			path = A_Swift;
			sourceTree = "<group>";
		};
		88BAE8102EABB8563581EC60 /* Pods */ = {
			isa = PBXGroup;
			children = (
				0AB96190A88FAB9C367F53D2 /* Pods-A_Swift.debug.xcconfig */,
				89A65AE08816F6115DFA6CD1 /* Pods-A_Swift.release.xcconfig */,
			);
			path = Pods;
			sourceTree = "<group>";
		};
/* End PBXGroup section */

/* Begin PBXNativeTarget section */
		7A1F04C02398F0B40065DEAB /* A_Swift */ = {
			isa = PBXNativeTarget;
			buildConfigurationList = 7A1F04D32398F0B40065DEAB /* Build configuration list for PBXNativeTarget "A_Swift" */;
			buildPhases = (
				FCB2821F70555BFCA4E60A1F /* [CP] Check Pods Manifest.lock */,
				7A1F04BD2398F0B40065DEAB /* Sources */,
				7A1F04BE2398F0B40065DEAB /* Frameworks */,
				7A1F04BF2398F0B40065DEAB /* Resources */,
			);
			buildRules = (
			);
			dependencies = (
			);
			name = A_Swift;
			productName = A_Swift;
			productReference = 7A1F04C12398F0B40065DEAB /* A_Swift.app */;
			productType = "com.apple.product-type.application";
		};
/* End PBXNativeTarget section */

/* Begin PBXProject section */
		7A1F04B92398F0B40065DEAB /* Project object */ = {
			isa = PBXProject;
			attributes = {
				LastSwiftUpdateCheck = 1020;
				LastUpgradeCheck = 1020;
				ORGANIZATIONNAME = QiangJindong;
				TargetAttributes = {
					7A1F04C02398F0B40065DEAB = {
						CreatedOnToolsVersion = 10.2.1;
					};
				};
			};
			buildConfigurationList = 7A1F04BC2398F0B40065DEAB /* Build configuration list for PBXProject "A_Swift" */;
			compatibilityVersion = "Xcode 9.3";
			developmentRegion = en;
			hasScannedForEncodings = 0;
			knownRegions = (
				en,
				Base,
			);
			mainGroup = 7A1F04B82398F0B40065DEAB;
			productRefGroup = 7A1F04C22398F0B40065DEAB /* Products */;
			projectDirPath = "";
			projectRoot = "";
			targets = (
				7A1F04C02398F0B40065DEAB /* A_Swift */,
			);
		};
/* End PBXProject section */

/* Begin PBXResourcesBuildPhase section */
		7A1F04BF2398F0B40065DEAB /* Resources */ = {
			isa = PBXResourcesBuildPhase;
			buildActionMask = 2147483647;
			files = (
				7A1F04DC2398F0F80065DEAB /* A_Swift.podspec in Resources */,
				7A1F04CF2398F0B40065DEAB /* LaunchScreen.storyboard in Resources */,
				7A1F04CC2398F0B40065DEAB /* Assets.xcassets in Resources */,
				7A1F04CA2398F0B40065DEAB /* Main.storyboard in Resources */,
			);
			runOnlyForDeploymentPostprocessing = 0;
		};
/* End PBXResourcesBuildPhase section */

/* Begin PBXShellScriptBuildPhase section */
		FCB2821F70555BFCA4E60A1F /* [CP] Check Pods Manifest.lock */ = {
			isa = PBXShellScriptBuildPhase;
			buildActionMask = 2147483647;
			files = (
			);
			inputFileListPaths = (
			);
			inputPaths = (
				"${PODS_PODFILE_DIR_PATH}/Podfile.lock",
				"${PODS_ROOT}/Manifest.lock",
			);
			name = "[CP] Check Pods Manifest.lock";
			outputFileListPaths = (
			);
			outputPaths = (
				"$(DERIVED_FILE_DIR)/Pods-A_Swift-checkManifestLockResult.txt",
			);
			runOnlyForDeploymentPostprocessing = 0;
			shellPath = /bin/sh;
			shellScript = "diff \"${PODS_PODFILE_DIR_PATH}/Podfile.lock\" \"${PODS_ROOT}/Manifest.lock\" > /dev/null\nif [ $? != 0 ] ; then\n    # print error to STDERR\n    echo \"error: The sandbox is not in sync with the Podfile.lock. Run 'pod install' or update your CocoaPods installation.\" >&2\n    exit 1\nfi\n# This output is used by Xcode 'outputs' to avoid re-running this script phase.\necho \"SUCCESS\" > \"${SCRIPT_OUTPUT_FILE_0}\"\n";
			showEnvVarsInLog = 0;
		};
/* End PBXShellScriptBuildPhase section */

/* Begin PBXSourcesBuildPhase section */
		7A1F04BD2398F0B40065DEAB /* Sources */ = {
			isa = PBXSourcesBuildPhase;
			buildActionMask = 2147483647;
			files = (
				7A1F04DA2398F0EE0065DEAB /* Target_A.swift in Sources */,
				7A1F04D92398F0EE0065DEAB /* ViewController.swift in Sources */,
				7A1F04C52398F0B40065DEAB /* AppDelegate.swift in Sources */,
			);
			runOnlyForDeploymentPostprocessing = 0;
		};
/* End PBXSourcesBuildPhase section */

/* Begin PBXVariantGroup section */
		7A1F04C82398F0B40065DEAB /* Main.storyboard */ = {
			isa = PBXVariantGroup;
			children = (
				7A1F04C92398F0B40065DEAB /* Base */,
			);
			name = Main.storyboard;
			sourceTree = "<group>";
		};
		7A1F04CD2398F0B40065DEAB /* LaunchScreen.storyboard */ = {
			isa = PBXVariantGroup;
			children = (
				7A1F04CE2398F0B40065DEAB /* Base */,
			);
			name = LaunchScreen.storyboard;
			sourceTree = "<group>";
		};
/* End PBXVariantGroup section */

/* Begin XCBuildConfiguration section */
		7A1F04D12398F0B40065DEAB /* Debug */ = {
			isa = XCBuildConfiguration;
			buildSettings = {
				ALWAYS_SEARCH_USER_PATHS = NO;
				CLANG_ANALYZER_NONNULL = YES;
				CLANG_ANALYZER_NUMBER_OBJECT_CONVERSION = YES_AGGRESSIVE;
				CLANG_CXX_LANGUAGE_STANDARD = "gnu++14";
				CLANG_CXX_LIBRARY = "libc++";
				CLANG_ENABLE_MODULES = YES;
				CLANG_ENABLE_OBJC_ARC = YES;
				CLANG_ENABLE_OBJC_WEAK = YES;
				CLANG_WARN_BLOCK_CAPTURE_AUTORELEASING = YES;
				CLANG_WARN_BOOL_CONVERSION = YES;
				CLANG_WARN_COMMA = YES;
				CLANG_WARN_CONSTANT_CONVERSION = YES;
				CLANG_WARN_DEPRECATED_OBJC_IMPLEMENTATIONS = YES;
				CLANG_WARN_DIRECT_OBJC_ISA_USAGE = YES_ERROR;
				CLANG_WARN_DOCUMENTATION_COMMENTS = YES;
				CLANG_WARN_EMPTY_BODY = YES;
				CLANG_WARN_ENUM_CONVERSION = YES;
				CLANG_WARN_INFINITE_RECURSION = YES;
				CLANG_WARN_INT_CONVERSION = YES;
				CLANG_WARN_NON_LITERAL_NULL_CONVERSION = YES;
				CLANG_WARN_OBJC_IMPLICIT_RETAIN_SELF = YES;
				CLANG_WARN_OBJC_LITERAL_CONVERSION = YES;
				CLANG_WARN_OBJC_ROOT_CLASS = YES_ERROR;
				CLANG_WARN_RANGE_LOOP_ANALYSIS = YES;
				CLANG_WARN_STRICT_PROTOTYPES = YES;
				CLANG_WARN_SUSPICIOUS_MOVE = YES;
				CLANG_WARN_UNGUARDED_AVAILABILITY = YES_AGGRESSIVE;
				CLANG_WARN_UNREACHABLE_CODE = YES;
				CLANG_WARN__DUPLICATE_METHOD_MATCH = YES;
				CODE_SIGN_IDENTITY = "iPhone Developer";
				COPY_PHASE_STRIP = NO;
				DEBUG_INFORMATION_FORMAT = dwarf;
				ENABLE_STRICT_OBJC_MSGSEND = YES;
				ENABLE_TESTABILITY = YES;
				GCC_C_LANGUAGE_STANDARD = gnu11;
				GCC_DYNAMIC_NO_PIC = NO;
				GCC_NO_COMMON_BLOCKS = YES;
				GCC_OPTIMIZATION_LEVEL = 0;
				GCC_PREPROCESSOR_DEFINITIONS = (
					"DEBUG=1",
					"$(inherited)",
				);
				GCC_WARN_64_TO_32_BIT_CONVERSION = YES;
				GCC_WARN_ABOUT_RETURN_TYPE = YES_ERROR;
				GCC_WARN_UNDECLARED_SELECTOR = YES;
				GCC_WARN_UNINITIALIZED_AUTOS = YES_AGGRESSIVE;
				GCC_WARN_UNUSED_FUNCTION = YES;
				GCC_WARN_UNUSED_VARIABLE = YES;
				IPHONEOS_DEPLOYMENT_TARGET = 12.2;
				MTL_ENABLE_DEBUG_INFO = INCLUDE_SOURCE;
				MTL_FAST_MATH = YES;
				ONLY_ACTIVE_ARCH = YES;
				SDKROOT = iphoneos;
				SWIFT_ACTIVE_COMPILATION_CONDITIONS = DEBUG;
				SWIFT_OPTIMIZATION_LEVEL = "-Onone";
			};
			name = Debug;
		};
		7A1F04D22398F0B40065DEAB /* Release */ = {
			isa = XCBuildConfiguration;
			buildSettings = {
				ALWAYS_SEARCH_USER_PATHS = NO;
				CLANG_ANALYZER_NONNULL = YES;
				CLANG_ANALYZER_NUMBER_OBJECT_CONVERSION = YES_AGGRESSIVE;
				CLANG_CXX_LANGUAGE_STANDARD = "gnu++14";
				CLANG_CXX_LIBRARY = "libc++";
				CLANG_ENABLE_MODULES = YES;
				CLANG_ENABLE_OBJC_ARC = YES;
				CLANG_ENABLE_OBJC_WEAK = YES;
				CLANG_WARN_BLOCK_CAPTURE_AUTORELEASING = YES;
				CLANG_WARN_BOOL_CONVERSION = YES;
				CLANG_WARN_COMMA = YES;
				CLANG_WARN_CONSTANT_CONVERSION = YES;
				CLANG_WARN_DEPRECATED_OBJC_IMPLEMENTATIONS = YES;
				CLANG_WARN_DIRECT_OBJC_ISA_USAGE = YES_ERROR;
				CLANG_WARN_DOCUMENTATION_COMMENTS = YES;
				CLANG_WARN_EMPTY_BODY = YES;
				CLANG_WARN_ENUM_CONVERSION = YES;
				CLANG_WARN_INFINITE_RECURSION = YES;
				CLANG_WARN_INT_CONVERSION = YES;
				CLANG_WARN_NON_LITERAL_NULL_CONVERSION = YES;
				CLANG_WARN_OBJC_IMPLICIT_RETAIN_SELF = YES;
				CLANG_WARN_OBJC_LITERAL_CONVERSION = YES;
				CLANG_WARN_OBJC_ROOT_CLASS = YES_ERROR;
				CLANG_WARN_RANGE_LOOP_ANALYSIS = YES;
				CLANG_WARN_STRICT_PROTOTYPES = YES;
				CLANG_WARN_SUSPICIOUS_MOVE = YES;
				CLANG_WARN_UNGUARDED_AVAILABILITY = YES_AGGRESSIVE;
				CLANG_WARN_UNREACHABLE_CODE = YES;
				CLANG_WARN__DUPLICATE_METHOD_MATCH = YES;
				CODE_SIGN_IDENTITY = "iPhone Developer";
				COPY_PHASE_STRIP = NO;
				DEBUG_INFORMATION_FORMAT = "dwarf-with-dsym";
				ENABLE_NS_ASSERTIONS = NO;
				ENABLE_STRICT_OBJC_MSGSEND = YES;
				GCC_C_LANGUAGE_STANDARD = gnu11;
				GCC_NO_COMMON_BLOCKS = YES;
				GCC_WARN_64_TO_32_BIT_CONVERSION = YES;
				GCC_WARN_ABOUT_RETURN_TYPE = YES_ERROR;
				GCC_WARN_UNDECLARED_SELECTOR = YES;
				GCC_WARN_UNINITIALIZED_AUTOS = YES_AGGRESSIVE;
				GCC_WARN_UNUSED_FUNCTION = YES;
				GCC_WARN_UNUSED_VARIABLE = YES;
				IPHONEOS_DEPLOYMENT_TARGET = 12.2;
				MTL_ENABLE_DEBUG_INFO = NO;
				MTL_FAST_MATH = YES;
				SDKROOT = iphoneos;
				SWIFT_COMPILATION_MODE = wholemodule;
				SWIFT_OPTIMIZATION_LEVEL = "-O";
				VALIDATE_PRODUCT = YES;
			};
			name = Release;
		};
		7A1F04D42398F0B40065DEAB /* Debug */ = {
			isa = XCBuildConfiguration;
			baseConfigurationReference = 0AB96190A88FAB9C367F53D2 /* Pods-A_Swift.debug.xcconfig */;
			buildSettings = {
				ASSETCATALOG_COMPILER_APPICON_NAME = AppIcon;
				CODE_SIGN_STYLE = Automatic;
				DEVELOPMENT_TEAM = 2293673LMU;
				INFOPLIST_FILE = A_Swift/Info.plist;
				LD_RUNPATH_SEARCH_PATHS = (
					"$(inherited)",
					"@executable_path/Frameworks",
				);
				PRODUCT_BUNDLE_IDENTIFIER = "com.trip8080.trip8080mobile.A-Swift";
				PRODUCT_NAME = "$(TARGET_NAME)";
				SWIFT_VERSION = 5.0;
				TARGETED_DEVICE_FAMILY = "1,2";
			};
			name = Debug;
		};
		7A1F04D52398F0B40065DEAB /* Release */ = {
			isa = XCBuildConfiguration;
			baseConfigurationReference = 89A65AE08816F6115DFA6CD1 /* Pods-A_Swift.release.xcconfig */;
			buildSettings = {
				ASSETCATALOG_COMPILER_APPICON_NAME = AppIcon;
				CODE_SIGN_STYLE = Automatic;
				DEVELOPMENT_TEAM = 2293673LMU;
				INFOPLIST_FILE = A_Swift/Info.plist;
				LD_RUNPATH_SEARCH_PATHS = (
					"$(inherited)",
					"@executable_path/Frameworks",
				);
				PRODUCT_BUNDLE_IDENTIFIER = "com.trip8080.trip8080mobile.A-Swift";
				PRODUCT_NAME = "$(TARGET_NAME)";
				SWIFT_VERSION = 5.0;
				TARGETED_DEVICE_FAMILY = "1,2";
			};
			name = Release;
		};
/* End XCBuildConfiguration section */

/* Begin XCConfigurationList section */
		7A1F04BC2398F0B40065DEAB /* Build configuration list for PBXProject "A_Swift" */ = {
			isa = XCConfigurationList;
			buildConfigurations = (
				7A1F04D12398F0B40065DEAB /* Debug */,
				7A1F04D22398F0B40065DEAB /* Release */,
			);
			defaultConfigurationIsVisible = 0;
			defaultConfigurationName = Release;
		};
		7A1F04D32398F0B40065DEAB /* Build configuration list for PBXNativeTarget "A_Swift" */ = {
			isa = XCConfigurationList;
			buildConfigurations = (
				7A1F04D42398F0B40065DEAB /* Debug */,
				7A1F04D52398F0B40065DEAB /* Release */,
			);
			defaultConfigurationIsVisible = 0;
			defaultConfigurationName = Release;
		};
/* End XCConfigurationList section */
	};
	rootObject = 7A1F04B92398F0B40065DEAB /* Project object */;
}
